
Microsoft Visual Studio Solution File, Format Version 12.00
# Visual Studio Version 17
VisualStudioVersion = 17.1.32328.378
MinimumVisualStudioVersion = 10.0.40219.1
Project("{9A19103F-16F7-4668-BE54-9A1E7A4F7556}") = "ClassLibrary1", "ClassLibrary1.csproj", "{9A660144-8624-48CF-BDDC-28C6FCB712FD}"
EndProject
Project("{9A19103F-16F7-4668-BE54-9A1E7A4F7556}") = "ConsoleApp1", "..\ConsoleApp1\ConsoleApp1.csproj", "{E75C61E4-B2C8-4C34-8C21-C541BCAE2203}"
EndProject
Global
	GlobalSection(SolutionConfigurationPlatforms) = preSolution
		Debug|Any CPU = Debug|Any CPU
		Release|Any CPU = Release|Any CPU
	EndGlobalSection
	GlobalSection(ProjectConfigurationPlatforms) = postSolution
		{9A660144-8624-48CF-BDDC-28C6FCB712FD}.Debug|Any CPU.ActiveCfg = Debug|Any CPU
		{9A660144-8624-48CF-BDDC-28C6FCB712FD}.Debug|Any CPU.Build.0 = Debug|Any CPU
		{9A660144-8624-48CF-BDDC-28C6FCB712FD}.Release|Any CPU.ActiveCfg = Release|Any CPU
		{9A660144-8624-48CF-BDDC-28C6FCB712FD}.Release|Any CPU.Build.0 = Release|Any CPU
		{E75C61E4-B2C8-4C34-8C21-C541BCAE2203}.Debug|Any CPU.ActiveCfg = Debug|Any CPU
		{E75C61E4-B2C8-4C34-8C21-C541BCAE2203}.Debug|Any CPU.Build.0 = Debug|Any CPU
		{E75C61E4-B2C8-4C34-8C21-C541BCAE2203}.Release|Any CPU.ActiveCfg = Release|Any CPU
		{E75C61E4-B2C8-4C34-8C21-C541BCAE2203}.Release|Any CPU.Build.0 = Release|Any CPU
	EndGlobalSection
	GlobalSection(SolutionProperties) = preSolution
		HideSolutionNode = FALSE
	EndGlobalSection
	GlobalSection(ExtensibilityGlobals) = postSolution
		SolutionGuid = {2C44F945-DFC1-431E-93D3-68CAF13B9CE8}
	EndGlobalSection
EndGlobal
